
Microsoft Visual Studio Solution File, Format Version 12.00
# Visual Studio 15
VisualStudioVersion = 15.0.27703.2042
MinimumVisualStudioVersion = 10.0.40219.1
Project("{FAE04EC0-301F-11D3-BF4B-00C04F79EFBC}") = "RESTExercise", "RESTExercise\RESTExercise.csproj", "{727A0695-27C3-4EF2-930F-B2914E710C5D}"
EndProject
Project("{FAE04EC0-301F-11D3-BF4B-00C04F79EFBC}") = "TESTExercise", "TESTExercise\TESTExercise.csproj", "{2931AFC4-467C-4D1C-855E-AD3FB3C86411}"
EndProject
Global
	GlobalSection(SolutionConfigurationPlatforms) = preSolution
		Debug|Any CPU = Debug|Any CPU
		Release|Any CPU = Release|Any CPU
	EndGlobalSection
	GlobalSection(ProjectConfigurationPlatforms) = postSolution
		{727A0695-27C3-4EF2-930F-B2914E710C5D}.Debug|Any CPU.ActiveCfg = Debug|Any CPU
		{727A0695-27C3-4EF2-930F-B2914E710C5D}.Debug|Any CPU.Build.0 = Debug|Any CPU
		{727A0695-27C3-4EF2-930F-B2914E710C5D}.Release|Any CPU.ActiveCfg = Release|Any CPU
		{727A0695-27C3-4EF2-930F-B2914E710C5D}.Release|Any CPU.Build.0 = Release|Any CPU
		{2931AFC4-467C-4D1C-855E-AD3FB3C86411}.Debug|Any CPU.ActiveCfg = Debug|Any CPU
		{2931AFC4-467C-4D1C-855E-AD3FB3C86411}.Debug|Any CPU.Build.0 = Debug|Any CPU
		{2931AFC4-467C-4D1C-855E-AD3FB3C86411}.Release|Any CPU.ActiveCfg = Release|Any CPU
		{2931AFC4-467C-4D1C-855E-AD3FB3C86411}.Release|Any CPU.Build.0 = Release|Any CPU
	EndGlobalSection
	GlobalSection(SolutionProperties) = preSolution
		HideSolutionNode = FALSE
	EndGlobalSection
	GlobalSection(ExtensibilityGlobals) = postSolution
		SolutionGuid = {FD91E7F0-FCD3-4A59-9FFA-48FEB3C57F42}
	EndGlobalSection
EndGlobal
